
Microsoft Visual Studio Solution File, Format Version 12.00
# Visual Studio 2013
VisualStudioVersion = 12.0.21005.1
MinimumVisualStudioVersion = 10.0.40219.1
Project("{FAE04EC0-301F-11D3-BF4B-00C04F79EFBC}") = "NASA Earth Science Dictionary", "SpeakingDictionary\NASA Earth Science Dictionary.csproj", "{C8A6ED8E-A4F0-4176-B864-3C9D0AB41745}"
EndProject
Global
	GlobalSection(SolutionConfigurationPlatforms) = preSolution
		Debug|Any CPU = Debug|Any CPU
		Release|Any CPU = Release|Any CPU
	EndGlobalSection
	GlobalSection(ProjectConfigurationPlatforms) = postSolution
		{C8A6ED8E-A4F0-4176-B864-3C9D0AB41745}.Debug|Any CPU.ActiveCfg = Debug|Any CPU
		{C8A6ED8E-A4F0-4176-B864-3C9D0AB41745}.Debug|Any CPU.Build.0 = Debug|Any CPU
		{C8A6ED8E-A4F0-4176-B864-3C9D0AB41745}.Release|Any CPU.ActiveCfg = Release|Any CPU
		{C8A6ED8E-A4F0-4176-B864-3C9D0AB41745}.Release|Any CPU.Build.0 = Release|Any CPU
	EndGlobalSection
	GlobalSection(SolutionProperties) = preSolution
		HideSolutionNode = FALSE
	EndGlobalSection
EndGlobal
